{
  "version": 4,
  "terraform_version": "1.8.4",
  "serial": 12,
  "lineage": "555eae0d-a524-0a8a-b136-825824c7169e",
  "outputs": {
    "repository_url": {
      "value": "348962334695.dkr.ecr.eu-north-1.amazonaws.com/django-app",
      "type": "string"
    }
  },
  "resources": [
    {
      "module": "module.ecr",
      "mode": "managed",
      "type": "aws_ecr_repository",
      "name": "django",
      "provider": "provider[\"registry.terraform.io/hashicorp/aws\"]",
      "instances": [
        {
          "schema_version": 0,
          "attributes": {
            "arn": "arn:aws:ecr:eu-north-1:348962334695:repository/django-app",
            "encryption_configuration": [
              {
                "encryption_type": "AES256",
                "kms_key": ""
              }
            ],
            "force_delete": null,
            "id": "django-app",
            "image_scanning_configuration": [
              {
                "scan_on_push": true
              }
            ],
            "image_tag_mutability": "MUTABLE",
            "name": "django-app",
            "region": "eu-north-1",
            "registry_id": "348962334695",
            "repository_url": "348962334695.dkr.ecr.eu-north-1.amazonaws.com/django-app",
            "tags": {
              "Name": "django-app"
            },
            "tags_all": {
              "Name": "django-app"
            },
            "timeouts": null
          },
          "sensitive_attributes": [],
          "private": "eyJlMmJmYjczMC1lY2FhLTExZTYtOGY4OC0zNDM2M2JjN2M0YzAiOnsiZGVsZXRlIjoxMjAwMDAwMDAwMDAwfX0="
        }
      ]
    },
    {
      "module": "module.eks",
      "mode": "managed",
      "type": "aws_eks_cluster",
      "name": "eks",
      "provider": "provider[\"registry.terraform.io/hashicorp/aws\"]",
      "instances": [
        {
          "schema_version": 1,
          "attributes": {
            "access_config": [
              {
                "authentication_mode": "API",
                "bootstrap_cluster_creator_admin_permissions": true
              }
            ],
            "arn": "arn:aws:eks:eu-north-1:348962334695:cluster/lesson-7-cluster",
            "bootstrap_self_managed_addons": true,
            "certificate_authority": [
              {
                "data": "LS0tLS1CRUdJTiBDRVJUSUZJQ0FURS0tLS0tCk1JSURCVENDQWUyZ0F3SUJBZ0lJWU5KRGpnM0Fmell3RFFZSktvWklodmNOQVFFTEJRQXdGVEVUTUJFR0ExVUUKQXhNS2EzVmlaWEp1WlhSbGN6QWVGdzB5TlRBM01UZ3hNakF4TURWYUZ3MHpOVEEzTVRZeE1qQTJNRFZhTUJVeApFekFSQmdOVkJBTVRDbXQxWW1WeWJtVjBaWE13Z2dFaU1BMEdDU3FHU0liM0RRRUJBUVVBQTRJQkR3QXdnZ0VLCkFvSUJBUUM4SVU5NlhKRmpYVkFvbVlrd2pNNThsNnlrekpiVE5CNklENEdmcmhURXZDZ1ZWb3REdlN5R1F2Y3MKQ0NHNDFTWUlzRzZ6L0FRV3YvK3BIVVB6eVdmV2J0RGc5TDhUWEFsZFM2a2NORDFTY1VPeHIvdVVqYlordG02YQptY1R2aGtaeGZCQUdWd0lhN1VyS3d2NGlXd25jeEN4RFBBcEtZcDNvanh3RTU3c29NWWJIVmZhYlZsL3RsSnY2CmQ2TzFnalpBTzVjUmk0Zmk4RkQ2bkd0LzBDZ0swNUlQazlXSkk4WTB4ekpEaWdtYlh2YWY3ckVUWk42YnJub0sKZDhxS2RRb1UxNFhrMVNVN3p1c2RaOHQ3Rms4ZXY0QmV1K1B5bWt1OFNHaENoaHhHSWJFY2ViRWFFZDVmVlg3cApvUDFnVzlaaER5cUowa01mNEJkZ21lUlptT2VSQWdNQkFBR2pXVEJYTUE0R0ExVWREd0VCL3dRRUF3SUNwREFQCkJnTlZIUk1CQWY4RUJUQURBUUgvTUIwR0ExVWREZ1FXQkJRMkxvUEI5NmlOZG50MnlhalhmV0tSS2ozTnR6QVYKQmdOVkhSRUVEakFNZ2dwcmRXSmxjbTVsZEdWek1BMEdDU3FHU0liM0RRRUJDd1VBQTRJQkFRQ1dIVTdjWGdHVAp2TmhMYitYZ0E3c3luVGhoL2l4RktlSTNGa3ExYWtqc2VIWWd5OUg4cW9EQTJMcXBaTklmM1RnZk5GeDVjSlMrCllCSm1UdTdUdjZLeHBKUmI3c2d0R0hwMVV2czcrWE1QT3orbGs0M2xxWFFmSmxjMUxvQWFSU3dSRHorK1IrekgKRldtbnVrMVdneW91UEJqck1RTWgzajQvLzY0Q3RPcVRSa0VNMnpjL0JOY2VEa2ZDK3ovT3RSRWQwcVMzdTlITQovSTBSSDZPWTQxVG9paXZRaFdhYVRqT0lpNUZCdDY2aklJcDRNRE5uUS8zR3dMR1hLRmNsaEN4QkFEVnRGWEtHClp0WlVibXhTNkRkZmg3eHRMMndxZlIwVDVUZXJJMkpCSlRkemVMMzhlakVFMWtKeWs4OU5QV1dRNTJPRVhEQTUKQjdHZ3ZFdGRwb21rCi0tLS0tRU5EIENFUlRJRklDQVRFLS0tLS0K"
              }
            ],
            "cluster_id": null,
            "compute_config": [],
            "created_at": "2025-07-18T12:01:40Z",
            "enabled_cluster_log_types": [],
            "encryption_config": [],
            "endpoint": "https://2C8259D0797353D451551B1A7C6A4922.gr7.eu-north-1.eks.amazonaws.com",
            "force_update_version": null,
            "id": "lesson-7-cluster",
            "identity": [
              {
                "oidc": [
                  {
                    "issuer": "https://oidc.eks.eu-north-1.amazonaws.com/id/2C8259D0797353D451551B1A7C6A4922"
                  }
                ]
              }
            ],
            "kubernetes_network_config": [
              {
                "elastic_load_balancing": [
                  {
                    "enabled": false
                  }
                ],
                "ip_family": "ipv4",
                "service_ipv4_cidr": "172.20.0.0/16",
                "service_ipv6_cidr": ""
              }
            ],
            "name": "lesson-7-cluster",
            "outpost_config": [],
            "platform_version": "eks.6",
            "region": "eu-north-1",
            "remote_network_config": [],
            "role_arn": "arn:aws:iam::348962334695:role/lesson-7-cluster-eks-cluster",
            "status": "ACTIVE",
            "storage_config": [],
            "tags": {},
            "tags_all": {},
            "timeouts": null,
            "upgrade_policy": [
              {
                "support_type": "EXTENDED"
              }
            ],
            "version": "1.33",
            "vpc_config": [
              {
                "cluster_security_group_id": "sg-0fb6f35fc2292380a",
                "endpoint_private_access": true,
                "endpoint_public_access": true,
                "public_access_cidrs": [
                  "0.0.0.0/0"
                ],
                "security_group_ids": [],
                "subnet_ids": [
                  "subnet-052620cb6fba25ade",
                  "subnet-05c54880f6c8b15f2",
                  "subnet-0e78a27e38241576b"
                ],
                "vpc_id": "vpc-0ae6adf9f7df2bf81"
              }
            ],
            "zonal_shift_config": []
          },
          "sensitive_attributes": [],
          "private": "eyJlMmJmYjczMC1lY2FhLTExZTYtOGY4OC0zNDM2M2JjN2M0YzAiOnsiY3JlYXRlIjoxODAwMDAwMDAwMDAwLCJkZWxldGUiOjkwMDAwMDAwMDAwMCwidXBkYXRlIjozNjAwMDAwMDAwMDAwfSwic2NoZW1hX3ZlcnNpb24iOiIxIn0=",
          "dependencies": [
            "module.eks.aws_iam_role.eks",
            "module.eks.aws_iam_role_policy_attachment.eks"
          ]
        }
      ]
    },
    {
      "module": "module.eks",
      "mode": "managed",
      "type": "aws_iam_role",
      "name": "eks",
      "provider": "provider[\"registry.terraform.io/hashicorp/aws\"]",
      "instances": [
        {
          "schema_version": 0,
          "attributes": {
            "arn": "arn:aws:iam::348962334695:role/lesson-7-cluster-eks-cluster",
            "assume_role_policy": "{\"Statement\":[{\"Action\":\"sts:AssumeRole\",\"Effect\":\"Allow\",\"Principal\":{\"Service\":\"eks.amazonaws.com\"}}],\"Version\":\"2012-10-17\"}",
            "create_date": "2025-07-18T11:59:21Z",
            "description": "",
            "force_detach_policies": false,
            "id": "lesson-7-cluster-eks-cluster",
            "inline_policy": [],
            "managed_policy_arns": [
              "arn:aws:iam::aws:policy/AmazonEKSClusterPolicy"
            ],
            "max_session_duration": 3600,
            "name": "lesson-7-cluster-eks-cluster",
            "name_prefix": "",
            "path": "/",
            "permissions_boundary": "",
            "tags": {},
            "tags_all": {},
            "unique_id": "AROAVCP6GU7T4SY3ET3K6"
          },
          "sensitive_attributes": [],
          "private": "bnVsbA=="
        }
      ]
    },
    {
      "module": "module.eks",
      "mode": "managed",
      "type": "aws_iam_role_policy_attachment",
      "name": "eks",
      "provider": "provider[\"registry.terraform.io/hashicorp/aws\"]",
      "instances": [
        {
          "schema_version": 0,
          "attributes": {
            "id": "lesson-7-cluster-eks-cluster/arn:aws:iam::aws:policy/AmazonEKSClusterPolicy",
            "policy_arn": "arn:aws:iam::aws:policy/AmazonEKSClusterPolicy",
            "role": "lesson-7-cluster-eks-cluster"
          },
          "sensitive_attributes": [],
          "private": "bnVsbA==",
          "dependencies": [
            "module.eks.aws_iam_role.eks"
          ]
        }
      ]
    }
  ],
  "check_results": null
}
